
Microsoft Visual Studio Solution File, Format Version 12.00
# Visual Studio Version 17
VisualStudioVersion = 17.0.31903.59
MinimumVisualStudioVersion = 10.0.40219.1
Project("{9A19103F-16F7-4668-BE54-9A1E7A4F7556}") = "Tyuiu.DyakovMS.Sprint5.Task0.V14.Lib", "Tyuiu.DyakovMS.Sprint5.Task0.V14.Lib\Tyuiu.DyakovMS.Sprint5.Task0.V14.Lib.csproj", "{CE62ED0C-EABD-47E1-B799-EFCC6040DEB4}"
EndProject
Project("{9A19103F-16F7-4668-BE54-9A1E7A4F7556}") = "Tyuiu.DyakovMS.Sprint5.Task0.V14", "Tyuiu.DyakovMS.Sprint5.Task0.V14\Tyuiu.DyakovMS.Sprint5.Task0.V14.csproj", "{46CFDB16-8B3D-4BD9-955A-792E5BB65446}"
EndProject
Project("{9A19103F-16F7-4668-BE54-9A1E7A4F7556}") = "Tyuiu.DyakovMS.Sprint5.Task0.V14.Test", "Tyuiu.DyakovMS.Sprint5.Task0.V14.Test\Tyuiu.DyakovMS.Sprint5.Task0.V14.Test.csproj", "{C0FA902D-2243-4D1D-8BE8-B6120F09EE0F}"
EndProject
Project("{2150E333-8FDC-42A3-9474-1A3956D46DE8}") = "Task0", "Task0", "{02E90B1A-2CB2-455C-B324-94F4186D580C}"
EndProject
Project("{9A19103F-16F7-4668-BE54-9A1E7A4F7556}") = "Tyuiu.DyakovMS.Sprint5.Task1.V22.Lib", "Tyuiu.DyakovMS.Sprint5.Task1.V22.Lib\Tyuiu.DyakovMS.Sprint5.Task1.V22.Lib.csproj", "{E85B910F-69B5-4ACC-90A0-3CD8CE934099}"
EndProject
Project("{9A19103F-16F7-4668-BE54-9A1E7A4F7556}") = "Tyuiu.DyakovMS.Sprint5.Task1.V22", "Tyuiu.DyakovMS.Sprint5.Task1.V22\Tyuiu.DyakovMS.Sprint5.Task1.V22.csproj", "{CACC0FB9-E967-426E-9647-F6CA8C65416F}"
EndProject
Project("{9A19103F-16F7-4668-BE54-9A1E7A4F7556}") = "Tyuiu.DyakovMS.Sprint5.Task1.V22.Test", "Tyuiu.DyakovMS.Sprint5.Task1.V22.Test\Tyuiu.DyakovMS.Sprint5.Task1.V22.Test.csproj", "{A2E61E86-BE89-41F2-A5D6-35A9339C39DC}"
EndProject
Project("{2150E333-8FDC-42A3-9474-1A3956D46DE8}") = "Task1", "Task1", "{D6801B25-3DF4-42CB-AEA5-81C597F72CFB}"
EndProject
Project("{9A19103F-16F7-4668-BE54-9A1E7A4F7556}") = "Tyuiu.DyakovMS.Sprint5.Task2.V25.Lib", "Tyuiu.DyakovMS.Sprint5.Task2.V25.Lib\Tyuiu.DyakovMS.Sprint5.Task2.V25.Lib.csproj", "{527BBEC1-2C42-4450-87BA-7BCAE3E2C0B7}"
EndProject
Project("{9A19103F-16F7-4668-BE54-9A1E7A4F7556}") = "Tyuiu.DyakovMS.Sprint5.Task2.V25", "Tyuiu.DyakovMS.Sprint5.Task2.V25\Tyuiu.DyakovMS.Sprint5.Task2.V25.csproj", "{A9BD29C6-03A1-4454-B442-54C090486D93}"
EndProject
Project("{9A19103F-16F7-4668-BE54-9A1E7A4F7556}") = "Tyuiu.DyakovMS.Sprint5.Task2.V25.Test", "Tyuiu.DyakovMS.Sprint5.Task2.V25.Test\Tyuiu.DyakovMS.Sprint5.Task2.V25.Test.csproj", "{2C578ADC-AC2C-4947-88CF-F81A3FE9852C}"
EndProject
Project("{2150E333-8FDC-42A3-9474-1A3956D46DE8}") = "Task2", "Task2", "{D6303DE1-A175-44B9-86FC-73981A1029DB}"
EndProject
Project("{9A19103F-16F7-4668-BE54-9A1E7A4F7556}") = "Tyuiu.DyakovMS.Sprint5.Task3.V3.Lib", "Tyuiu.DyakovMS.Sprint5.Task3.V3.Lib\Tyuiu.DyakovMS.Sprint5.Task3.V3.Lib.csproj", "{97EE8F5B-E5A5-4E24-A0B8-2A45152EAFE4}"
EndProject
Project("{9A19103F-16F7-4668-BE54-9A1E7A4F7556}") = "Tyuiu.DyakovMS.Sprint5.Task3.V3", "Tyuiu.DyakovMS.Sprint5.Task3.V3\Tyuiu.DyakovMS.Sprint5.Task3.V3.csproj", "{4217955D-B439-4842-B1B2-AD839B690266}"
EndProject
Project("{9A19103F-16F7-4668-BE54-9A1E7A4F7556}") = "Tyuiu.DyakovMS.Sprint5.Task3.V3.Test", "Tyuiu.DyakovMS.Sprint5.Task3.V3.Test\Tyuiu.DyakovMS.Sprint5.Task3.V3.Test.csproj", "{279F5CDE-C51D-4EC8-9E66-EE63CF1B3906}"
EndProject
Project("{2150E333-8FDC-42A3-9474-1A3956D46DE8}") = "Task3", "Task3", "{7820E21B-E8A1-4514-A181-3BFC39AEA8AF}"
EndProject
Project("{9A19103F-16F7-4668-BE54-9A1E7A4F7556}") = "Tyuiu.DyakovMS.Sprint5.Task4.V16.Lib", "Tyuiu.DyakovMS.Sprint5.Task4.V16.Lib\Tyuiu.DyakovMS.Sprint5.Task4.V16.Lib.csproj", "{3BD26231-27A4-4F79-B251-2BF9F0E7317E}"
EndProject
Project("{9A19103F-16F7-4668-BE54-9A1E7A4F7556}") = "Tyuiu.DyakovMS.Sprint5.Task4.V16", "Tyuiu.DyakovMS.Sprint5.Task4.V16\Tyuiu.DyakovMS.Sprint5.Task4.V16.csproj", "{DD0F98BC-DFC4-4891-A2C5-C3E928FF885A}"
EndProject
Project("{9A19103F-16F7-4668-BE54-9A1E7A4F7556}") = "Tyuiu.DyakovMS.Sprint5.Task4.V16.Test", "Tyuiu.DyakovMS.Sprint5.Task4.V16.Test\Tyuiu.DyakovMS.Sprint5.Task4.V16.Test.csproj", "{C6E5E610-D363-4B76-9453-3775CD59E951}"
EndProject
Project("{2150E333-8FDC-42A3-9474-1A3956D46DE8}") = "Task4", "Task4", "{2DF46A7E-42AA-490A-8664-C7F68F6D9792}"
EndProject
Project("{9A19103F-16F7-4668-BE54-9A1E7A4F7556}") = "Tyuiu.DyakovMS.Sprint5.Task5.V6.Lib", "Tyuiu.DyakovMS.Sprint5.Task5.V6.Lib\Tyuiu.DyakovMS.Sprint5.Task5.V6.Lib.csproj", "{C515F4DD-2477-4635-942A-BAE8EFFE24E6}"
EndProject
Project("{9A19103F-16F7-4668-BE54-9A1E7A4F7556}") = "Tyuiu.DyakovMS.Sprint5.Task5.V6", "Tyuiu.DyakovMS.Sprint5.Task5.V6\Tyuiu.DyakovMS.Sprint5.Task5.V6.csproj", "{519898B5-2DCC-4D89-A036-8F4C566D0519}"
EndProject
Project("{9A19103F-16F7-4668-BE54-9A1E7A4F7556}") = "Tyuiu.DyakovMS.Sprint5.Task5.V6.Test", "Tyuiu.DyakovMS.Sprint5.Task5.V6.Test\Tyuiu.DyakovMS.Sprint5.Task5.V6.Test.csproj", "{4BC8B831-4D87-4FCB-AF65-778B5317D95C}"
EndProject
Project("{2150E333-8FDC-42A3-9474-1A3956D46DE8}") = "Task5", "Task5", "{06219D80-ADE6-4CC9-84A2-876C73B6BA8E}"
EndProject
Project("{9A19103F-16F7-4668-BE54-9A1E7A4F7556}") = "Tyuiu.DyakovMS.Sprint5.Task6.V23.Lib", "Tyuiu.DyakovMS.Sprint5.Task6.V23.Lib\Tyuiu.DyakovMS.Sprint5.Task6.V23.Lib.csproj", "{9AC1ABB7-6B21-4A2E-B504-DBA21F7C06FF}"
EndProject
Project("{9A19103F-16F7-4668-BE54-9A1E7A4F7556}") = "Tyuiu.DyakovMS.Sprint5.Task6.V23", "Tyuiu.DyakovMS.Sprint5.Task6.V23\Tyuiu.DyakovMS.Sprint5.Task6.V23.csproj", "{5878F6E4-94C6-4A2B-95DB-434815C40E8A}"
EndProject
Project("{9A19103F-16F7-4668-BE54-9A1E7A4F7556}") = "Tyuiu.DyakovMS.Sprint5.Task6.V23.Test", "Tyuiu.DyakovMS.Sprint5.Task6.V23.Test\Tyuiu.DyakovMS.Sprint5.Task6.V23.Test.csproj", "{ACF46CF6-DE9A-463D-8A5C-8F1E56A6414A}"
EndProject
Project("{2150E333-8FDC-42A3-9474-1A3956D46DE8}") = "Task6", "Task6", "{0B6F74B8-77AC-498A-B306-8A7301ECB28F}"
EndProject
Project("{9A19103F-16F7-4668-BE54-9A1E7A4F7556}") = "Tyuiu.DyakovMS.Sprint5.Task7.V6.Lib", "Tyuiu.DyakovMS.Sprint5.Task7.V6.Lib\Tyuiu.DyakovMS.Sprint5.Task7.V6.Lib.csproj", "{BE50FFC4-1087-4F7B-921E-39E7F9273EDC}"
EndProject
Project("{9A19103F-16F7-4668-BE54-9A1E7A4F7556}") = "Tyuiu.DyakovMS.Sprint5.Task7.V6", "Tyuiu.DyakovMS.Sprint5.Task7.V6\Tyuiu.DyakovMS.Sprint5.Task7.V6.csproj", "{3DA1BD21-C5EA-4C0A-A37E-3EDB3E5A5CB9}"
EndProject
Project("{9A19103F-16F7-4668-BE54-9A1E7A4F7556}") = "Tyuiu.DyakovMS.Sprint5.Task7.V6.Test", "Tyuiu.DyakovMS.Sprint5.Task7.V6.Test\Tyuiu.DyakovMS.Sprint5.Task7.V6.Test.csproj", "{9FCDB211-AEA1-44CB-94EF-AEE6DCD7BBC0}"
EndProject
Project("{2150E333-8FDC-42A3-9474-1A3956D46DE8}") = "Task7", "Task7", "{28A44CF3-DCC0-4B30-B8C8-92B4971F1D71}"
EndProject
Global
	GlobalSection(SolutionConfigurationPlatforms) = preSolution
		Debug|Any CPU = Debug|Any CPU
		Release|Any CPU = Release|Any CPU
	EndGlobalSection
	GlobalSection(ProjectConfigurationPlatforms) = postSolution
		{CE62ED0C-EABD-47E1-B799-EFCC6040DEB4}.Debug|Any CPU.ActiveCfg = Debug|Any CPU
		{CE62ED0C-EABD-47E1-B799-EFCC6040DEB4}.Debug|Any CPU.Build.0 = Debug|Any CPU
		{CE62ED0C-EABD-47E1-B799-EFCC6040DEB4}.Release|Any CPU.ActiveCfg = Release|Any CPU
		{CE62ED0C-EABD-47E1-B799-EFCC6040DEB4}.Release|Any CPU.Build.0 = Release|Any CPU
		{46CFDB16-8B3D-4BD9-955A-792E5BB65446}.Debug|Any CPU.ActiveCfg = Debug|Any CPU
		{46CFDB16-8B3D-4BD9-955A-792E5BB65446}.Debug|Any CPU.Build.0 = Debug|Any CPU
		{46CFDB16-8B3D-4BD9-955A-792E5BB65446}.Release|Any CPU.ActiveCfg = Release|Any CPU
		{46CFDB16-8B3D-4BD9-955A-792E5BB65446}.Release|Any CPU.Build.0 = Release|Any CPU
		{C0FA902D-2243-4D1D-8BE8-B6120F09EE0F}.Debug|Any CPU.ActiveCfg = Debug|Any CPU
		{C0FA902D-2243-4D1D-8BE8-B6120F09EE0F}.Debug|Any CPU.Build.0 = Debug|Any CPU
		{C0FA902D-2243-4D1D-8BE8-B6120F09EE0F}.Release|Any CPU.ActiveCfg = Release|Any CPU
		{C0FA902D-2243-4D1D-8BE8-B6120F09EE0F}.Release|Any CPU.Build.0 = Release|Any CPU
		{E85B910F-69B5-4ACC-90A0-3CD8CE934099}.Debug|Any CPU.ActiveCfg = Debug|Any CPU
		{E85B910F-69B5-4ACC-90A0-3CD8CE934099}.Debug|Any CPU.Build.0 = Debug|Any CPU
		{E85B910F-69B5-4ACC-90A0-3CD8CE934099}.Release|Any CPU.ActiveCfg = Release|Any CPU
		{E85B910F-69B5-4ACC-90A0-3CD8CE934099}.Release|Any CPU.Build.0 = Release|Any CPU
		{CACC0FB9-E967-426E-9647-F6CA8C65416F}.Debug|Any CPU.ActiveCfg = Debug|Any CPU
		{CACC0FB9-E967-426E-9647-F6CA8C65416F}.Debug|Any CPU.Build.0 = Debug|Any CPU
		{CACC0FB9-E967-426E-9647-F6CA8C65416F}.Release|Any CPU.ActiveCfg = Release|Any CPU
		{CACC0FB9-E967-426E-9647-F6CA8C65416F}.Release|Any CPU.Build.0 = Release|Any CPU
		{A2E61E86-BE89-41F2-A5D6-35A9339C39DC}.Debug|Any CPU.ActiveCfg = Debug|Any CPU
		{A2E61E86-BE89-41F2-A5D6-35A9339C39DC}.Debug|Any CPU.Build.0 = Debug|Any CPU
		{A2E61E86-BE89-41F2-A5D6-35A9339C39DC}.Release|Any CPU.ActiveCfg = Release|Any CPU
		{A2E61E86-BE89-41F2-A5D6-35A9339C39DC}.Release|Any CPU.Build.0 = Release|Any CPU
		{527BBEC1-2C42-4450-87BA-7BCAE3E2C0B7}.Debug|Any CPU.ActiveCfg = Debug|Any CPU
		{527BBEC1-2C42-4450-87BA-7BCAE3E2C0B7}.Debug|Any CPU.Build.0 = Debug|Any CPU
		{527BBEC1-2C42-4450-87BA-7BCAE3E2C0B7}.Release|Any CPU.ActiveCfg = Release|Any CPU
		{527BBEC1-2C42-4450-87BA-7BCAE3E2C0B7}.Release|Any CPU.Build.0 = Release|Any CPU
		{A9BD29C6-03A1-4454-B442-54C090486D93}.Debug|Any CPU.ActiveCfg = Debug|Any CPU
		{A9BD29C6-03A1-4454-B442-54C090486D93}.Debug|Any CPU.Build.0 = Debug|Any CPU
		{A9BD29C6-03A1-4454-B442-54C090486D93}.Release|Any CPU.ActiveCfg = Release|Any CPU
		{A9BD29C6-03A1-4454-B442-54C090486D93}.Release|Any CPU.Build.0 = Release|Any CPU
		{2C578ADC-AC2C-4947-88CF-F81A3FE9852C}.Debug|Any CPU.ActiveCfg = Debug|Any CPU
		{2C578ADC-AC2C-4947-88CF-F81A3FE9852C}.Debug|Any CPU.Build.0 = Debug|Any CPU
		{2C578ADC-AC2C-4947-88CF-F81A3FE9852C}.Release|Any CPU.ActiveCfg = Release|Any CPU
		{2C578ADC-AC2C-4947-88CF-F81A3FE9852C}.Release|Any CPU.Build.0 = Release|Any CPU
		{97EE8F5B-E5A5-4E24-A0B8-2A45152EAFE4}.Debug|Any CPU.ActiveCfg = Debug|Any CPU
		{97EE8F5B-E5A5-4E24-A0B8-2A45152EAFE4}.Debug|Any CPU.Build.0 = Debug|Any CPU
		{97EE8F5B-E5A5-4E24-A0B8-2A45152EAFE4}.Release|Any CPU.ActiveCfg = Release|Any CPU
		{97EE8F5B-E5A5-4E24-A0B8-2A45152EAFE4}.Release|Any CPU.Build.0 = Release|Any CPU
		{4217955D-B439-4842-B1B2-AD839B690266}.Debug|Any CPU.ActiveCfg = Debug|Any CPU
		{4217955D-B439-4842-B1B2-AD839B690266}.Debug|Any CPU.Build.0 = Debug|Any CPU
		{4217955D-B439-4842-B1B2-AD839B690266}.Release|Any CPU.ActiveCfg = Release|Any CPU
		{4217955D-B439-4842-B1B2-AD839B690266}.Release|Any CPU.Build.0 = Release|Any CPU
		{279F5CDE-C51D-4EC8-9E66-EE63CF1B3906}.Debug|Any CPU.ActiveCfg = Debug|Any CPU
		{279F5CDE-C51D-4EC8-9E66-EE63CF1B3906}.Debug|Any CPU.Build.0 = Debug|Any CPU
		{279F5CDE-C51D-4EC8-9E66-EE63CF1B3906}.Release|Any CPU.ActiveCfg = Release|Any CPU
		{279F5CDE-C51D-4EC8-9E66-EE63CF1B3906}.Release|Any CPU.Build.0 = Release|Any CPU
		{3BD26231-27A4-4F79-B251-2BF9F0E7317E}.Debug|Any CPU.ActiveCfg = Debug|Any CPU
		{3BD26231-27A4-4F79-B251-2BF9F0E7317E}.Debug|Any CPU.Build.0 = Debug|Any CPU
		{3BD26231-27A4-4F79-B251-2BF9F0E7317E}.Release|Any CPU.ActiveCfg = Release|Any CPU
		{3BD26231-27A4-4F79-B251-2BF9F0E7317E}.Release|Any CPU.Build.0 = Release|Any CPU
		{DD0F98BC-DFC4-4891-A2C5-C3E928FF885A}.Debug|Any CPU.ActiveCfg = Debug|Any CPU
		{DD0F98BC-DFC4-4891-A2C5-C3E928FF885A}.Debug|Any CPU.Build.0 = Debug|Any CPU
		{DD0F98BC-DFC4-4891-A2C5-C3E928FF885A}.Release|Any CPU.ActiveCfg = Release|Any CPU
		{DD0F98BC-DFC4-4891-A2C5-C3E928FF885A}.Release|Any CPU.Build.0 = Release|Any CPU
		{C6E5E610-D363-4B76-9453-3775CD59E951}.Debug|Any CPU.ActiveCfg = Debug|Any CPU
		{C6E5E610-D363-4B76-9453-3775CD59E951}.Debug|Any CPU.Build.0 = Debug|Any CPU
		{C6E5E610-D363-4B76-9453-3775CD59E951}.Release|Any CPU.ActiveCfg = Release|Any CPU
		{C6E5E610-D363-4B76-9453-3775CD59E951}.Release|Any CPU.Build.0 = Release|Any CPU
		{C515F4DD-2477-4635-942A-BAE8EFFE24E6}.Debug|Any CPU.ActiveCfg = Debug|Any CPU
		{C515F4DD-2477-4635-942A-BAE8EFFE24E6}.Debug|Any CPU.Build.0 = Debug|Any CPU
		{C515F4DD-2477-4635-942A-BAE8EFFE24E6}.Release|Any CPU.ActiveCfg = Release|Any CPU
		{C515F4DD-2477-4635-942A-BAE8EFFE24E6}.Release|Any CPU.Build.0 = Release|Any CPU
		{519898B5-2DCC-4D89-A036-8F4C566D0519}.Debug|Any CPU.ActiveCfg = Debug|Any CPU
		{519898B5-2DCC-4D89-A036-8F4C566D0519}.Debug|Any CPU.Build.0 = Debug|Any CPU
		{519898B5-2DCC-4D89-A036-8F4C566D0519}.Release|Any CPU.ActiveCfg = Release|Any CPU
		{519898B5-2DCC-4D89-A036-8F4C566D0519}.Release|Any CPU.Build.0 = Release|Any CPU
		{4BC8B831-4D87-4FCB-AF65-778B5317D95C}.Debug|Any CPU.ActiveCfg = Debug|Any CPU
		{4BC8B831-4D87-4FCB-AF65-778B5317D95C}.Debug|Any CPU.Build.0 = Debug|Any CPU
		{4BC8B831-4D87-4FCB-AF65-778B5317D95C}.Release|Any CPU.ActiveCfg = Release|Any CPU
		{4BC8B831-4D87-4FCB-AF65-778B5317D95C}.Release|Any CPU.Build.0 = Release|Any CPU
		{9AC1ABB7-6B21-4A2E-B504-DBA21F7C06FF}.Debug|Any CPU.ActiveCfg = Debug|Any CPU
		{9AC1ABB7-6B21-4A2E-B504-DBA21F7C06FF}.Debug|Any CPU.Build.0 = Debug|Any CPU
		{9AC1ABB7-6B21-4A2E-B504-DBA21F7C06FF}.Release|Any CPU.ActiveCfg = Release|Any CPU
		{9AC1ABB7-6B21-4A2E-B504-DBA21F7C06FF}.Release|Any CPU.Build.0 = Release|Any CPU
		{5878F6E4-94C6-4A2B-95DB-434815C40E8A}.Debug|Any CPU.ActiveCfg = Debug|Any CPU
		{5878F6E4-94C6-4A2B-95DB-434815C40E8A}.Debug|Any CPU.Build.0 = Debug|Any CPU
		{5878F6E4-94C6-4A2B-95DB-434815C40E8A}.Release|Any CPU.ActiveCfg = Release|Any CPU
		{5878F6E4-94C6-4A2B-95DB-434815C40E8A}.Release|Any CPU.Build.0 = Release|Any CPU
		{ACF46CF6-DE9A-463D-8A5C-8F1E56A6414A}.Debug|Any CPU.ActiveCfg = Debug|Any CPU
		{ACF46CF6-DE9A-463D-8A5C-8F1E56A6414A}.Debug|Any CPU.Build.0 = Debug|Any CPU
		{ACF46CF6-DE9A-463D-8A5C-8F1E56A6414A}.Release|Any CPU.ActiveCfg = Release|Any CPU
		{ACF46CF6-DE9A-463D-8A5C-8F1E56A6414A}.Release|Any CPU.Build.0 = Release|Any CPU
		{BE50FFC4-1087-4F7B-921E-39E7F9273EDC}.Debug|Any CPU.ActiveCfg = Debug|Any CPU
		{BE50FFC4-1087-4F7B-921E-39E7F9273EDC}.Debug|Any CPU.Build.0 = Debug|Any CPU
		{BE50FFC4-1087-4F7B-921E-39E7F9273EDC}.Release|Any CPU.ActiveCfg = Release|Any CPU
		{BE50FFC4-1087-4F7B-921E-39E7F9273EDC}.Release|Any CPU.Build.0 = Release|Any CPU
		{3DA1BD21-C5EA-4C0A-A37E-3EDB3E5A5CB9}.Debug|Any CPU.ActiveCfg = Debug|Any CPU
		{3DA1BD21-C5EA-4C0A-A37E-3EDB3E5A5CB9}.Debug|Any CPU.Build.0 = Debug|Any CPU
		{3DA1BD21-C5EA-4C0A-A37E-3EDB3E5A5CB9}.Release|Any CPU.ActiveCfg = Release|Any CPU
		{3DA1BD21-C5EA-4C0A-A37E-3EDB3E5A5CB9}.Release|Any CPU.Build.0 = Release|Any CPU
		{9FCDB211-AEA1-44CB-94EF-AEE6DCD7BBC0}.Debug|Any CPU.ActiveCfg = Debug|Any CPU
		{9FCDB211-AEA1-44CB-94EF-AEE6DCD7BBC0}.Debug|Any CPU.Build.0 = Debug|Any CPU
		{9FCDB211-AEA1-44CB-94EF-AEE6DCD7BBC0}.Release|Any CPU.ActiveCfg = Release|Any CPU
		{9FCDB211-AEA1-44CB-94EF-AEE6DCD7BBC0}.Release|Any CPU.Build.0 = Release|Any CPU
	EndGlobalSection
	GlobalSection(SolutionProperties) = preSolution
		HideSolutionNode = FALSE
	EndGlobalSection
	GlobalSection(NestedProjects) = preSolution
		{CE62ED0C-EABD-47E1-B799-EFCC6040DEB4} = {02E90B1A-2CB2-455C-B324-94F4186D580C}
		{46CFDB16-8B3D-4BD9-955A-792E5BB65446} = {02E90B1A-2CB2-455C-B324-94F4186D580C}
		{C0FA902D-2243-4D1D-8BE8-B6120F09EE0F} = {02E90B1A-2CB2-455C-B324-94F4186D580C}
		{E85B910F-69B5-4ACC-90A0-3CD8CE934099} = {D6801B25-3DF4-42CB-AEA5-81C597F72CFB}
		{CACC0FB9-E967-426E-9647-F6CA8C65416F} = {D6801B25-3DF4-42CB-AEA5-81C597F72CFB}
		{A2E61E86-BE89-41F2-A5D6-35A9339C39DC} = {D6801B25-3DF4-42CB-AEA5-81C597F72CFB}
		{527BBEC1-2C42-4450-87BA-7BCAE3E2C0B7} = {D6303DE1-A175-44B9-86FC-73981A1029DB}
		{A9BD29C6-03A1-4454-B442-54C090486D93} = {D6303DE1-A175-44B9-86FC-73981A1029DB}
		{2C578ADC-AC2C-4947-88CF-F81A3FE9852C} = {D6303DE1-A175-44B9-86FC-73981A1029DB}
		{97EE8F5B-E5A5-4E24-A0B8-2A45152EAFE4} = {7820E21B-E8A1-4514-A181-3BFC39AEA8AF}
		{4217955D-B439-4842-B1B2-AD839B690266} = {7820E21B-E8A1-4514-A181-3BFC39AEA8AF}
		{279F5CDE-C51D-4EC8-9E66-EE63CF1B3906} = {7820E21B-E8A1-4514-A181-3BFC39AEA8AF}
		{3BD26231-27A4-4F79-B251-2BF9F0E7317E} = {2DF46A7E-42AA-490A-8664-C7F68F6D9792}
		{DD0F98BC-DFC4-4891-A2C5-C3E928FF885A} = {2DF46A7E-42AA-490A-8664-C7F68F6D9792}
		{C6E5E610-D363-4B76-9453-3775CD59E951} = {2DF46A7E-42AA-490A-8664-C7F68F6D9792}
		{C515F4DD-2477-4635-942A-BAE8EFFE24E6} = {06219D80-ADE6-4CC9-84A2-876C73B6BA8E}
		{519898B5-2DCC-4D89-A036-8F4C566D0519} = {06219D80-ADE6-4CC9-84A2-876C73B6BA8E}
		{4BC8B831-4D87-4FCB-AF65-778B5317D95C} = {06219D80-ADE6-4CC9-84A2-876C73B6BA8E}
		{9AC1ABB7-6B21-4A2E-B504-DBA21F7C06FF} = {0B6F74B8-77AC-498A-B306-8A7301ECB28F}
		{5878F6E4-94C6-4A2B-95DB-434815C40E8A} = {0B6F74B8-77AC-498A-B306-8A7301ECB28F}
		{ACF46CF6-DE9A-463D-8A5C-8F1E56A6414A} = {0B6F74B8-77AC-498A-B306-8A7301ECB28F}
		{BE50FFC4-1087-4F7B-921E-39E7F9273EDC} = {28A44CF3-DCC0-4B30-B8C8-92B4971F1D71}
		{3DA1BD21-C5EA-4C0A-A37E-3EDB3E5A5CB9} = {28A44CF3-DCC0-4B30-B8C8-92B4971F1D71}
		{9FCDB211-AEA1-44CB-94EF-AEE6DCD7BBC0} = {28A44CF3-DCC0-4B30-B8C8-92B4971F1D71}
	EndGlobalSection
	GlobalSection(ExtensibilityGlobals) = postSolution
		SolutionGuid = {5606F56A-6157-4174-A868-E3A50D467B1A}
	EndGlobalSection
EndGlobal
